// !$*UTF8*$!
{
	archiveVersion = 1;
	classes = {
	};
	objectVersion = 56;
	objects = {

/* Begin PBXBuildFile section */
		D223D91E2AB15416003B46C6 /* ProfileDesignViewController.swift in Sources */ = {isa = PBXBuildFile; fileRef = D223D91D2AB15416003B46C6 /* ProfileDesignViewController.swift */; };
		D223D9652ABCF55D003B46C6 /* Task.xcdatamodeld in Sources */ = {isa = PBXBuildFile; fileRef = D223D9632ABCF55D003B46C6 /* Task.xcdatamodeld */; };
		D223D9672ABD04BB003B46C6 /* imageCollectionViewCell.swift in Sources */ = {isa = PBXBuildFile; fileRef = D223D9662ABD04BB003B46C6 /* imageCollectionViewCell.swift */; };
		D22E70DC2A97DA1E00C6CFBA /* SplashViewController.swift in Sources */ = {isa = PBXBuildFile; fileRef = D22E70DB2A97DA1E00C6CFBA /* SplashViewController.swift */; };
		D26B05762AA05CBD00A91F0E /* PetViewController.swift in Sources */ = {isa = PBXBuildFile; fileRef = D26B05752AA05CBD00A91F0E /* PetViewController.swift */; };
		D26B05782AA0610A00A91F0E /* ImageAPI.swift in Sources */ = {isa = PBXBuildFile; fileRef = D26B05772AA0610A00A91F0E /* ImageAPI.swift */; };
		D26B05882AA09F8A00A91F0E /* animation_llz0e7mu.json in Resources */ = {isa = PBXBuildFile; fileRef = D26B05872AA09F8A00A91F0E /* animation_llz0e7mu.json */; };
		D2A82F662A976BC700CC7CFD /* URLManager.swift in Sources */ = {isa = PBXBuildFile; fileRef = D2A82F652A976BC700CC7CFD /* URLManager.swift */; };
		D2D308B72A851C83002894C5 /* AppDelegate.swift in Sources */ = {isa = PBXBuildFile; fileRef = D2D308B62A851C83002894C5 /* AppDelegate.swift */; };
		D2D308B92A851C83002894C5 /* SceneDelegate.swift in Sources */ = {isa = PBXBuildFile; fileRef = D2D308B82A851C83002894C5 /* SceneDelegate.swift */; };
		D2D308BB2A851C83002894C5 /* ViewController.swift in Sources */ = {isa = PBXBuildFile; fileRef = D2D308BA2A851C83002894C5 /* ViewController.swift */; };
		D2D308BE2A851C83002894C5 /* Main.storyboard in Resources */ = {isa = PBXBuildFile; fileRef = D2D308BC2A851C83002894C5 /* Main.storyboard */; };
		D2D308C02A851C85002894C5 /* Assets.xcassets in Resources */ = {isa = PBXBuildFile; fileRef = D2D308BF2A851C85002894C5 /* Assets.xcassets */; };
		D2D308C32A851C85002894C5 /* LaunchScreen.storyboard in Resources */ = {isa = PBXBuildFile; fileRef = D2D308C12A851C85002894C5 /* LaunchScreen.storyboard */; };
		D2D308CC2A852F56002894C5 /* UIButton+Extension.swift in Sources */ = {isa = PBXBuildFile; fileRef = D2D308CB2A852F56002894C5 /* UIButton+Extension.swift */; };
		D2D308D22A85330A002894C5 /* TaskList.swift in Sources */ = {isa = PBXBuildFile; fileRef = D2D308D12A85330A002894C5 /* TaskList.swift */; };
		D2D308D52A85334C002894C5 /* TodoListTableViewCell.swift in Sources */ = {isa = PBXBuildFile; fileRef = D2D308D42A85334C002894C5 /* TodoListTableViewCell.swift */; };
		D2D308D92A8533BD002894C5 /* TodoListTableViewController.swift in Sources */ = {isa = PBXBuildFile; fileRef = D2D308D82A8533BD002894C5 /* TodoListTableViewController.swift */; };
		D2D308DB2A85430C002894C5 /* DateFormatter+Extension.swift in Sources */ = {isa = PBXBuildFile; fileRef = D2D308DA2A85430C002894C5 /* DateFormatter+Extension.swift */; };
		D2D308DD2A854ED4002894C5 /* UITextField+Extension.swift in Sources */ = {isa = PBXBuildFile; fileRef = D2D308DC2A854ED4002894C5 /* UITextField+Extension.swift */; };
		D2D308E12A857303002894C5 /* UILabel+Extension.swift in Sources */ = {isa = PBXBuildFile; fileRef = D2D308E02A857303002894C5 /* UILabel+Extension.swift */; };
		D2D308E32A857599002894C5 /* UIImageView+Extension.swift in Sources */ = {isa = PBXBuildFile; fileRef = D2D308E22A857599002894C5 /* UIImageView+Extension.swift */; };
		D2D308E52A858F67002894C5 /* DoneListTableViewController.swift in Sources */ = {isa = PBXBuildFile; fileRef = D2D308E42A858F67002894C5 /* DoneListTableViewController.swift */; };
		D2D308E72A85AFFA002894C5 /* TodoDetailViewController.swift in Sources */ = {isa = PBXBuildFile; fileRef = D2D308E62A85AFFA002894C5 /* TodoDetailViewController.swift */; };
		D2D308E92A85B223002894C5 /* Calendar+Extension.swift in Sources */ = {isa = PBXBuildFile; fileRef = D2D308E82A85B223002894C5 /* Calendar+Extension.swift */; };
		D2FE262D2A9DCE2C002901A0 /* Lottie in Frameworks */ = {isa = PBXBuildFile; productRef = D2FE262C2A9DCE2C002901A0 /* Lottie */; };
		D2FE262F2A9DD32C002901A0 /* lN7uSuXCEQ.json in Resources */ = {isa = PBXBuildFile; fileRef = D2FE262E2A9DD32C002901A0 /* lN7uSuXCEQ.json */; };
/* End PBXBuildFile section */

/* Begin PBXFileReference section */
		D223D91D2AB15416003B46C6 /* ProfileDesignViewController.swift */ = {isa = PBXFileReference; lastKnownFileType = sourcecode.swift; path = ProfileDesignViewController.swift; sourceTree = "<group>"; };
		D223D9642ABCF55D003B46C6 /* Task.xcdatamodel */ = {isa = PBXFileReference; lastKnownFileType = wrapper.xcdatamodel; path = Task.xcdatamodel; sourceTree = "<group>"; };
		D223D9662ABD04BB003B46C6 /* imageCollectionViewCell.swift */ = {isa = PBXFileReference; lastKnownFileType = sourcecode.swift; path = imageCollectionViewCell.swift; sourceTree = "<group>"; };
		D22E70DB2A97DA1E00C6CFBA /* SplashViewController.swift */ = {isa = PBXFileReference; lastKnownFileType = sourcecode.swift; path = SplashViewController.swift; sourceTree = "<group>"; };
		D26B05752AA05CBD00A91F0E /* PetViewController.swift */ = {isa = PBXFileReference; lastKnownFileType = sourcecode.swift; path = PetViewController.swift; sourceTree = "<group>"; };
		D26B05772AA0610A00A91F0E /* ImageAPI.swift */ = {isa = PBXFileReference; lastKnownFileType = sourcecode.swift; path = ImageAPI.swift; sourceTree = "<group>"; };
		D26B05872AA09F8A00A91F0E /* animation_llz0e7mu.json */ = {isa = PBXFileReference; fileEncoding = 4; lastKnownFileType = text.json; path = animation_llz0e7mu.json; sourceTree = "<group>"; };
		D2A82F652A976BC700CC7CFD /* URLManager.swift */ = {isa = PBXFileReference; lastKnownFileType = sourcecode.swift; path = URLManager.swift; sourceTree = "<group>"; };
		D2D308B32A851C83002894C5 /* MyTodoList.app */ = {isa = PBXFileReference; explicitFileType = wrapper.application; includeInIndex = 0; path = MyTodoList.app; sourceTree = BUILT_PRODUCTS_DIR; };
		D2D308B62A851C83002894C5 /* AppDelegate.swift */ = {isa = PBXFileReference; lastKnownFileType = sourcecode.swift; path = AppDelegate.swift; sourceTree = "<group>"; };
		D2D308B82A851C83002894C5 /* SceneDelegate.swift */ = {isa = PBXFileReference; lastKnownFileType = sourcecode.swift; path = SceneDelegate.swift; sourceTree = "<group>"; };
		D2D308BA2A851C83002894C5 /* ViewController.swift */ = {isa = PBXFileReference; lastKnownFileType = sourcecode.swift; path = ViewController.swift; sourceTree = "<group>"; };
		D2D308BD2A851C83002894C5 /* Base */ = {isa = PBXFileReference; lastKnownFileType = file.storyboard; name = Base; path = Base.lproj/Main.storyboard; sourceTree = "<group>"; };
		D2D308BF2A851C85002894C5 /* Assets.xcassets */ = {isa = PBXFileReference; lastKnownFileType = folder.assetcatalog; path = Assets.xcassets; sourceTree = "<group>"; };
		D2D308C22A851C85002894C5 /* Base */ = {isa = PBXFileReference; lastKnownFileType = file.storyboard; name = Base; path = Base.lproj/LaunchScreen.storyboard; sourceTree = "<group>"; };
		D2D308C42A851C85002894C5 /* Info.plist */ = {isa = PBXFileReference; lastKnownFileType = text.plist.xml; path = Info.plist; sourceTree = "<group>"; };
		D2D308CB2A852F56002894C5 /* UIButton+Extension.swift */ = {isa = PBXFileReference; lastKnownFileType = sourcecode.swift; path = "UIButton+Extension.swift"; sourceTree = "<group>"; };
		D2D308D12A85330A002894C5 /* TaskList.swift */ = {isa = PBXFileReference; lastKnownFileType = sourcecode.swift; path = TaskList.swift; sourceTree = "<group>"; };
		D2D308D42A85334C002894C5 /* TodoListTableViewCell.swift */ = {isa = PBXFileReference; lastKnownFileType = sourcecode.swift; path = TodoListTableViewCell.swift; sourceTree = "<group>"; };
		D2D308D82A8533BD002894C5 /* TodoListTableViewController.swift */ = {isa = PBXFileReference; lastKnownFileType = sourcecode.swift; path = TodoListTableViewController.swift; sourceTree = "<group>"; };
		D2D308DA2A85430C002894C5 /* DateFormatter+Extension.swift */ = {isa = PBXFileReference; lastKnownFileType = sourcecode.swift; path = "DateFormatter+Extension.swift"; sourceTree = "<group>"; };
		D2D308DC2A854ED4002894C5 /* UITextField+Extension.swift */ = {isa = PBXFileReference; lastKnownFileType = sourcecode.swift; path = "UITextField+Extension.swift"; sourceTree = "<group>"; };
		D2D308E02A857303002894C5 /* UILabel+Extension.swift */ = {isa = PBXFileReference; lastKnownFileType = sourcecode.swift; path = "UILabel+Extension.swift"; sourceTree = "<group>"; };
		D2D308E22A857599002894C5 /* UIImageView+Extension.swift */ = {isa = PBXFileReference; lastKnownFileType = sourcecode.swift; path = "UIImageView+Extension.swift"; sourceTree = "<group>"; };
		D2D308E42A858F67002894C5 /* DoneListTableViewController.swift */ = {isa = PBXFileReference; lastKnownFileType = sourcecode.swift; path = DoneListTableViewController.swift; sourceTree = "<group>"; };
		D2D308E62A85AFFA002894C5 /* TodoDetailViewController.swift */ = {isa = PBXFileReference; lastKnownFileType = sourcecode.swift; path = TodoDetailViewController.swift; sourceTree = "<group>"; };
		D2D308E82A85B223002894C5 /* Calendar+Extension.swift */ = {isa = PBXFileReference; lastKnownFileType = sourcecode.swift; path = "Calendar+Extension.swift"; sourceTree = "<group>"; };
		D2FE262E2A9DD32C002901A0 /* lN7uSuXCEQ.json */ = {isa = PBXFileReference; fileEncoding = 4; lastKnownFileType = text.json; path = lN7uSuXCEQ.json; sourceTree = "<group>"; };
/* End PBXFileReference section */

/* Begin PBXFrameworksBuildPhase section */
		D2D308B02A851C83002894C5 /* Frameworks */ = {
			isa = PBXFrameworksBuildPhase;
			buildActionMask = 2147483647;
			files = (
				D2FE262D2A9DCE2C002901A0 /* Lottie in Frameworks */,
			);
			runOnlyForDeploymentPostprocessing = 0;
		};
/* End PBXFrameworksBuildPhase section */

/* Begin PBXGroup section */
		D2A82F642A97684900CC7CFD /* View */ = {
			isa = PBXGroup;
			children = (
				D2D308BC2A851C83002894C5 /* Main.storyboard */,
			);
			name = View;
			sourceTree = "<group>";
		};
		D2D308AA2A851C83002894C5 = {
			isa = PBXGroup;
			children = (
				D2D308B52A851C83002894C5 /* MyTodoList */,
				D2D308B42A851C83002894C5 /* Products */,
			);
			sourceTree = "<group>";
		};
		D2D308B42A851C83002894C5 /* Products */ = {
			isa = PBXGroup;
			children = (
				D2D308B32A851C83002894C5 /* MyTodoList.app */,
			);
			name = Products;
			sourceTree = "<group>";
		};
		D2D308B52A851C83002894C5 /* MyTodoList */ = {
			isa = PBXGroup;
			children = (
				D2FE262E2A9DD32C002901A0 /* lN7uSuXCEQ.json */,
				D26B05872AA09F8A00A91F0E /* animation_llz0e7mu.json */,
				D2D308B62A851C83002894C5 /* AppDelegate.swift */,
				D2D308B82A851C83002894C5 /* SceneDelegate.swift */,
				D2D308CE2A8531BC002894C5 /* Model */,
				D2A82F642A97684900CC7CFD /* View */,
				D2D308CD2A8531AE002894C5 /* Controller */,
				D2D308CA2A852F2C002894C5 /* Utils */,
				D2D308BF2A851C85002894C5 /* Assets.xcassets */,
				D2D308C12A851C85002894C5 /* LaunchScreen.storyboard */,
				D2D308C42A851C85002894C5 /* Info.plist */,
			);
			path = MyTodoList;
			sourceTree = "<group>";
		};
		D2D308CA2A852F2C002894C5 /* Utils */ = {
			isa = PBXGroup;
			children = (
				D2D308CB2A852F56002894C5 /* UIButton+Extension.swift */,
				D2D308DA2A85430C002894C5 /* DateFormatter+Extension.swift */,
				D2D308DC2A854ED4002894C5 /* UITextField+Extension.swift */,
				D2D308E02A857303002894C5 /* UILabel+Extension.swift */,
				D2D308E22A857599002894C5 /* UIImageView+Extension.swift */,
				D2D308E82A85B223002894C5 /* Calendar+Extension.swift */,
				D2A82F652A976BC700CC7CFD /* URLManager.swift */,
			);
			name = Utils;
			sourceTree = "<group>";
		};
		D2D308CD2A8531AE002894C5 /* Controller */ = {
			isa = PBXGroup;
			children = (
				D2D308D32A85331D002894C5 /* Cell */,
				D2D308BA2A851C83002894C5 /* ViewController.swift */,
				D2D308D82A8533BD002894C5 /* TodoListTableViewController.swift */,
				D2D308E42A858F67002894C5 /* DoneListTableViewController.swift */,
				D2D308E62A85AFFA002894C5 /* TodoDetailViewController.swift */,
				D22E70DB2A97DA1E00C6CFBA /* SplashViewController.swift */,
				D26B05752AA05CBD00A91F0E /* PetViewController.swift */,
				D223D91D2AB15416003B46C6 /* ProfileDesignViewController.swift */,
			);
			path = Controller;
			sourceTree = "<group>";
		};
		D2D308CE2A8531BC002894C5 /* Model */ = {
			isa = PBXGroup;
			children = (
				D2D308D12A85330A002894C5 /* TaskList.swift */,
				D26B05772AA0610A00A91F0E /* ImageAPI.swift */,
				D223D9632ABCF55D003B46C6 /* Task.xcdatamodeld */,
			);
			name = Model;
			sourceTree = "<group>";
		};
		D2D308D32A85331D002894C5 /* Cell */ = {
			isa = PBXGroup;
			children = (
				D2D308D42A85334C002894C5 /* TodoListTableViewCell.swift */,
				D223D9662ABD04BB003B46C6 /* imageCollectionViewCell.swift */,
			);
			name = Cell;
			sourceTree = "<group>";
		};
/* End PBXGroup section */

/* Begin PBXNativeTarget section */
		D2D308B22A851C83002894C5 /* MyTodoList */ = {
			isa = PBXNativeTarget;
			buildConfigurationList = D2D308C72A851C85002894C5 /* Build configuration list for PBXNativeTarget "MyTodoList" */;
			buildPhases = (
				D2D308AF2A851C83002894C5 /* Sources */,
				D2D308B02A851C83002894C5 /* Frameworks */,
				D2D308B12A851C83002894C5 /* Resources */,
			);
			buildRules = (
			);
			dependencies = (
			);
			name = MyTodoList;
			packageProductDependencies = (
				D2FE262C2A9DCE2C002901A0 /* Lottie */,
			);
			productName = MyTodoList;
			productReference = D2D308B32A851C83002894C5 /* MyTodoList.app */;
			productType = "com.apple.product-type.application";
		};
/* End PBXNativeTarget section */

/* Begin PBXProject section */
		D2D308AB2A851C83002894C5 /* Project object */ = {
			isa = PBXProject;
			attributes = {
				BuildIndependentTargetsInParallel = 1;
				LastSwiftUpdateCheck = 1430;
				LastUpgradeCheck = 1430;
				TargetAttributes = {
					D2D308B22A851C83002894C5 = {
						CreatedOnToolsVersion = 14.3.1;
					};
				};
			};
			buildConfigurationList = D2D308AE2A851C83002894C5 /* Build configuration list for PBXProject "MyTodoList" */;
			compatibilityVersion = "Xcode 14.0";
			developmentRegion = en;
			hasScannedForEncodings = 0;
			knownRegions = (
				en,
				Base,
			);
			mainGroup = D2D308AA2A851C83002894C5;
			packageReferences = (
				D2FE262B2A9DCE2C002901A0 /* XCRemoteSwiftPackageReference "lottie-spm" */,
			);
			productRefGroup = D2D308B42A851C83002894C5 /* Products */;
			projectDirPath = "";
			projectRoot = "";
			targets = (
				D2D308B22A851C83002894C5 /* MyTodoList */,
			);
		};
/* End PBXProject section */

/* Begin PBXResourcesBuildPhase section */
		D2D308B12A851C83002894C5 /* Resources */ = {
			isa = PBXResourcesBuildPhase;
			buildActionMask = 2147483647;
			files = (
				D2D308C32A851C85002894C5 /* LaunchScreen.storyboard in Resources */,
				D26B05882AA09F8A00A91F0E /* animation_llz0e7mu.json in Resources */,
				D2FE262F2A9DD32C002901A0 /* lN7uSuXCEQ.json in Resources */,
				D2D308C02A851C85002894C5 /* Assets.xcassets in Resources */,
				D2D308BE2A851C83002894C5 /* Main.storyboard in Resources */,
			);
			runOnlyForDeploymentPostprocessing = 0;
		};
/* End PBXResourcesBuildPhase section */

/* Begin PBXSourcesBuildPhase section */
		D2D308AF2A851C83002894C5 /* Sources */ = {
			isa = PBXSourcesBuildPhase;
			buildActionMask = 2147483647;
			files = (
				D223D9652ABCF55D003B46C6 /* Task.xcdatamodeld in Sources */,
				D2D308E12A857303002894C5 /* UILabel+Extension.swift in Sources */,
				D2D308E52A858F67002894C5 /* DoneListTableViewController.swift in Sources */,
				D2D308D22A85330A002894C5 /* TaskList.swift in Sources */,
				D2D308BB2A851C83002894C5 /* ViewController.swift in Sources */,
				D2D308DB2A85430C002894C5 /* DateFormatter+Extension.swift in Sources */,
				D2D308DD2A854ED4002894C5 /* UITextField+Extension.swift in Sources */,
				D2D308D52A85334C002894C5 /* TodoListTableViewCell.swift in Sources */,
				D2D308CC2A852F56002894C5 /* UIButton+Extension.swift in Sources */,
				D2D308E32A857599002894C5 /* UIImageView+Extension.swift in Sources */,
				D2A82F662A976BC700CC7CFD /* URLManager.swift in Sources */,
				D223D9672ABD04BB003B46C6 /* imageCollectionViewCell.swift in Sources */,
				D2D308B72A851C83002894C5 /* AppDelegate.swift in Sources */,
				D26B05762AA05CBD00A91F0E /* PetViewController.swift in Sources */,
				D2D308B92A851C83002894C5 /* SceneDelegate.swift in Sources */,
				D223D91E2AB15416003B46C6 /* ProfileDesignViewController.swift in Sources */,
				D22E70DC2A97DA1E00C6CFBA /* SplashViewController.swift in Sources */,
				D2D308D92A8533BD002894C5 /* TodoListTableViewController.swift in Sources */,
				D2D308E72A85AFFA002894C5 /* TodoDetailViewController.swift in Sources */,
				D26B05782AA0610A00A91F0E /* ImageAPI.swift in Sources */,
				D2D308E92A85B223002894C5 /* Calendar+Extension.swift in Sources */,
			);
			runOnlyForDeploymentPostprocessing = 0;
		};
/* End PBXSourcesBuildPhase section */

/* Begin PBXVariantGroup section */
		D2D308BC2A851C83002894C5 /* Main.storyboard */ = {
			isa = PBXVariantGroup;
			children = (
				D2D308BD2A851C83002894C5 /* Base */,
			);
			name = Main.storyboard;
			sourceTree = "<group>";
		};
		D2D308C12A851C85002894C5 /* LaunchScreen.storyboard */ = {
			isa = PBXVariantGroup;
			children = (
				D2D308C22A851C85002894C5 /* Base */,
			);
			name = LaunchScreen.storyboard;
			sourceTree = "<group>";
		};
/* End PBXVariantGroup section */

/* Begin XCBuildConfiguration section */
		D2D308C52A851C85002894C5 /* Debug */ = {
			isa = XCBuildConfiguration;
			buildSettings = {
				ALWAYS_SEARCH_USER_PATHS = NO;
				CLANG_ANALYZER_NONNULL = YES;
				CLANG_ANALYZER_NUMBER_OBJECT_CONVERSION = YES_AGGRESSIVE;
				CLANG_CXX_LANGUAGE_STANDARD = "gnu++20";
				CLANG_ENABLE_MODULES = YES;
				CLANG_ENABLE_OBJC_ARC = YES;
				CLANG_ENABLE_OBJC_WEAK = YES;
				CLANG_WARN_BLOCK_CAPTURE_AUTORELEASING = YES;
				CLANG_WARN_BOOL_CONVERSION = YES;
				CLANG_WARN_COMMA = YES;
				CLANG_WARN_CONSTANT_CONVERSION = YES;
				CLANG_WARN_DEPRECATED_OBJC_IMPLEMENTATIONS = YES;
				CLANG_WARN_DIRECT_OBJC_ISA_USAGE = YES_ERROR;
				CLANG_WARN_DOCUMENTATION_COMMENTS = YES;
				CLANG_WARN_EMPTY_BODY = YES;
				CLANG_WARN_ENUM_CONVERSION = YES;
				CLANG_WARN_INFINITE_RECURSION = YES;
				CLANG_WARN_INT_CONVERSION = YES;
				CLANG_WARN_NON_LITERAL_NULL_CONVERSION = YES;
				CLANG_WARN_OBJC_IMPLICIT_RETAIN_SELF = YES;
				CLANG_WARN_OBJC_LITERAL_CONVERSION = YES;
				CLANG_WARN_OBJC_ROOT_CLASS = YES_ERROR;
				CLANG_WARN_QUOTED_INCLUDE_IN_FRAMEWORK_HEADER = YES;
				CLANG_WARN_RANGE_LOOP_ANALYSIS = YES;
				CLANG_WARN_STRICT_PROTOTYPES = YES;
				CLANG_WARN_SUSPICIOUS_MOVE = YES;
				CLANG_WARN_UNGUARDED_AVAILABILITY = YES_AGGRESSIVE;
				CLANG_WARN_UNREACHABLE_CODE = YES;
				CLANG_WARN__DUPLICATE_METHOD_MATCH = YES;
				COPY_PHASE_STRIP = NO;
				DEBUG_INFORMATION_FORMAT = dwarf;
				ENABLE_STRICT_OBJC_MSGSEND = YES;
				ENABLE_TESTABILITY = YES;
				GCC_C_LANGUAGE_STANDARD = gnu11;
				GCC_DYNAMIC_NO_PIC = NO;
				GCC_NO_COMMON_BLOCKS = YES;
				GCC_OPTIMIZATION_LEVEL = 0;
				GCC_PREPROCESSOR_DEFINITIONS = (
					"DEBUG=1",
					"$(inherited)",
				);
				GCC_WARN_64_TO_32_BIT_CONVERSION = YES;
				GCC_WARN_ABOUT_RETURN_TYPE = YES_ERROR;
				GCC_WARN_UNDECLARED_SELECTOR = YES;
				GCC_WARN_UNINITIALIZED_AUTOS = YES_AGGRESSIVE;
				GCC_WARN_UNUSED_FUNCTION = YES;
				GCC_WARN_UNUSED_VARIABLE = YES;
				IPHONEOS_DEPLOYMENT_TARGET = 16.4;
				MTL_ENABLE_DEBUG_INFO = INCLUDE_SOURCE;
				MTL_FAST_MATH = YES;
				ONLY_ACTIVE_ARCH = YES;
				SDKROOT = iphoneos;
				SWIFT_ACTIVE_COMPILATION_CONDITIONS = DEBUG;
				SWIFT_OPTIMIZATION_LEVEL = "-Onone";
			};
			name = Debug;
		};
		D2D308C62A851C85002894C5 /* Release */ = {
			isa = XCBuildConfiguration;
			buildSettings = {
				ALWAYS_SEARCH_USER_PATHS = NO;
				CLANG_ANALYZER_NONNULL = YES;
				CLANG_ANALYZER_NUMBER_OBJECT_CONVERSION = YES_AGGRESSIVE;
				CLANG_CXX_LANGUAGE_STANDARD = "gnu++20";
				CLANG_ENABLE_MODULES = YES;
				CLANG_ENABLE_OBJC_ARC = YES;
				CLANG_ENABLE_OBJC_WEAK = YES;
				CLANG_WARN_BLOCK_CAPTURE_AUTORELEASING = YES;
				CLANG_WARN_BOOL_CONVERSION = YES;
				CLANG_WARN_COMMA = YES;
				CLANG_WARN_CONSTANT_CONVERSION = YES;
				CLANG_WARN_DEPRECATED_OBJC_IMPLEMENTATIONS = YES;
				CLANG_WARN_DIRECT_OBJC_ISA_USAGE = YES_ERROR;
				CLANG_WARN_DOCUMENTATION_COMMENTS = YES;
				CLANG_WARN_EMPTY_BODY = YES;
				CLANG_WARN_ENUM_CONVERSION = YES;
				CLANG_WARN_INFINITE_RECURSION = YES;
				CLANG_WARN_INT_CONVERSION = YES;
				CLANG_WARN_NON_LITERAL_NULL_CONVERSION = YES;
				CLANG_WARN_OBJC_IMPLICIT_RETAIN_SELF = YES;
				CLANG_WARN_OBJC_LITERAL_CONVERSION = YES;
				CLANG_WARN_OBJC_ROOT_CLASS = YES_ERROR;
				CLANG_WARN_QUOTED_INCLUDE_IN_FRAMEWORK_HEADER = YES;
				CLANG_WARN_RANGE_LOOP_ANALYSIS = YES;
				CLANG_WARN_STRICT_PROTOTYPES = YES;
				CLANG_WARN_SUSPICIOUS_MOVE = YES;
				CLANG_WARN_UNGUARDED_AVAILABILITY = YES_AGGRESSIVE;
				CLANG_WARN_UNREACHABLE_CODE = YES;
				CLANG_WARN__DUPLICATE_METHOD_MATCH = YES;
				COPY_PHASE_STRIP = NO;
				DEBUG_INFORMATION_FORMAT = "dwarf-with-dsym";
				ENABLE_NS_ASSERTIONS = NO;
				ENABLE_STRICT_OBJC_MSGSEND = YES;
				GCC_C_LANGUAGE_STANDARD = gnu11;
				GCC_NO_COMMON_BLOCKS = YES;
				GCC_WARN_64_TO_32_BIT_CONVERSION = YES;
				GCC_WARN_ABOUT_RETURN_TYPE = YES_ERROR;
				GCC_WARN_UNDECLARED_SELECTOR = YES;
				GCC_WARN_UNINITIALIZED_AUTOS = YES_AGGRESSIVE;
				GCC_WARN_UNUSED_FUNCTION = YES;
				GCC_WARN_UNUSED_VARIABLE = YES;
				IPHONEOS_DEPLOYMENT_TARGET = 16.4;
				MTL_ENABLE_DEBUG_INFO = NO;
				MTL_FAST_MATH = YES;
				SDKROOT = iphoneos;
				SWIFT_COMPILATION_MODE = wholemodule;
				SWIFT_OPTIMIZATION_LEVEL = "-O";
				VALIDATE_PRODUCT = YES;
			};
			name = Release;
		};
		D2D308C82A851C85002894C5 /* Debug */ = {
			isa = XCBuildConfiguration;
			buildSettings = {
				ASSETCATALOG_COMPILER_APPICON_NAME = AppIcon;
				ASSETCATALOG_COMPILER_GLOBAL_ACCENT_COLOR_NAME = AccentColor;
				CODE_SIGN_STYLE = Automatic;
				CURRENT_PROJECT_VERSION = 1;
				DEVELOPMENT_TEAM = 7TH7TS2438;
				GENERATE_INFOPLIST_FILE = YES;
				INFOPLIST_FILE = MyTodoList/Info.plist;
				INFOPLIST_KEY_UIApplicationSupportsIndirectInputEvents = YES;
				INFOPLIST_KEY_UILaunchStoryboardName = LaunchScreen.storyboard;
				INFOPLIST_KEY_UIMainStoryboardFile = Main;
				INFOPLIST_KEY_UISupportedInterfaceOrientations_iPad = "UIInterfaceOrientationLandscapeLeft UIInterfaceOrientationLandscapeRight UIInterfaceOrientationPortrait UIInterfaceOrientationPortraitUpsideDown";
				IPHONEOS_DEPLOYMENT_TARGET = 13.0;
				LD_RUNPATH_SEARCH_PATHS = (
					"$(inherited)",
					"@executable_path/Frameworks",
				);
				MARKETING_VERSION = 1.0;
				PRODUCT_BUNDLE_IDENTIFIER = com.jaehee.MyTodoList;
				PRODUCT_NAME = "$(TARGET_NAME)";
				SUPPORTED_PLATFORMS = "iphoneos iphonesimulator";
				SUPPORTS_MACCATALYST = NO;
				SUPPORTS_MAC_DESIGNED_FOR_IPHONE_IPAD = YES;
				SWIFT_EMIT_LOC_STRINGS = YES;
				SWIFT_VERSION = 5.0;
				TARGETED_DEVICE_FAMILY = 1;
			};
			name = Debug;
		};
		D2D308C92A851C85002894C5 /* Release */ = {
			isa = XCBuildConfiguration;
			buildSettings = {
				ASSETCATALOG_COMPILER_APPICON_NAME = AppIcon;
				ASSETCATALOG_COMPILER_GLOBAL_ACCENT_COLOR_NAME = AccentColor;
				CODE_SIGN_STYLE = Automatic;
				CURRENT_PROJECT_VERSION = 1;
				DEVELOPMENT_TEAM = 7TH7TS2438;
				GENERATE_INFOPLIST_FILE = YES;
				INFOPLIST_FILE = MyTodoList/Info.plist;
				INFOPLIST_KEY_UIApplicationSupportsIndirectInputEvents = YES;
				INFOPLIST_KEY_UILaunchStoryboardName = LaunchScreen.storyboard;
				INFOPLIST_KEY_UIMainStoryboardFile = Main;
				INFOPLIST_KEY_UISupportedInterfaceOrientations_iPad = "UIInterfaceOrientationLandscapeLeft UIInterfaceOrientationLandscapeRight UIInterfaceOrientationPortrait UIInterfaceOrientationPortraitUpsideDown";
				IPHONEOS_DEPLOYMENT_TARGET = 13.0;
				LD_RUNPATH_SEARCH_PATHS = (
					"$(inherited)",
					"@executable_path/Frameworks",
				);
				MARKETING_VERSION = 1.0;
				PRODUCT_BUNDLE_IDENTIFIER = com.jaehee.MyTodoList;
				PRODUCT_NAME = "$(TARGET_NAME)";
				SUPPORTED_PLATFORMS = "iphoneos iphonesimulator";
				SUPPORTS_MACCATALYST = NO;
				SUPPORTS_MAC_DESIGNED_FOR_IPHONE_IPAD = YES;
				SWIFT_EMIT_LOC_STRINGS = YES;
				SWIFT_VERSION = 5.0;
				TARGETED_DEVICE_FAMILY = 1;
			};
			name = Release;
		};
/* End XCBuildConfiguration section */

/* Begin XCConfigurationList section */
		D2D308AE2A851C83002894C5 /* Build configuration list for PBXProject "MyTodoList" */ = {
			isa = XCConfigurationList;
			buildConfigurations = (
				D2D308C52A851C85002894C5 /* Debug */,
				D2D308C62A851C85002894C5 /* Release */,
			);
			defaultConfigurationIsVisible = 0;
			defaultConfigurationName = Release;
		};
		D2D308C72A851C85002894C5 /* Build configuration list for PBXNativeTarget "MyTodoList" */ = {
			isa = XCConfigurationList;
			buildConfigurations = (
				D2D308C82A851C85002894C5 /* Debug */,
				D2D308C92A851C85002894C5 /* Release */,
			);
			defaultConfigurationIsVisible = 0;
			defaultConfigurationName = Release;
		};
/* End XCConfigurationList section */

/* Begin XCRemoteSwiftPackageReference section */
		D2FE262B2A9DCE2C002901A0 /* XCRemoteSwiftPackageReference "lottie-spm" */ = {
			isa = XCRemoteSwiftPackageReference;
			repositoryURL = "https://github.com/airbnb/lottie-spm.git";
			requirement = {
				kind = upToNextMajorVersion;
				minimumVersion = 4.2.0;
			};
		};
/* End XCRemoteSwiftPackageReference section */

/* Begin XCSwiftPackageProductDependency section */
		D2FE262C2A9DCE2C002901A0 /* Lottie */ = {
			isa = XCSwiftPackageProductDependency;
			package = D2FE262B2A9DCE2C002901A0 /* XCRemoteSwiftPackageReference "lottie-spm" */;
			productName = Lottie;
		};
/* End XCSwiftPackageProductDependency section */

/* Begin XCVersionGroup section */
		D223D9632ABCF55D003B46C6 /* Task.xcdatamodeld */ = {
			isa = XCVersionGroup;
			children = (
				D223D9642ABCF55D003B46C6 /* Task.xcdatamodel */,
			);
			currentVersion = D223D9642ABCF55D003B46C6 /* Task.xcdatamodel */;
			path = Task.xcdatamodeld;
			sourceTree = "<group>";
			versionGroupType = wrapper.xcdatamodel;
		};
/* End XCVersionGroup section */
	};
	rootObject = D2D308AB2A851C83002894C5 /* Project object */;
}
